// !$*UTF8*$!
{
	archiveVersion = 1;
	classes = {
	};
	objectVersion = 55;
	objects = {

/* Begin PBXBuildFile section */
		84DB395728AE8B37004E321F /* WIPApp.swift in Sources */ = {isa = PBXBuildFile; fileRef = 84DB395628AE8B37004E321F /* WIPApp.swift */; };
		84DB395928AE8B37004E321F /* ContentView.swift in Sources */ = {isa = PBXBuildFile; fileRef = 84DB395828AE8B37004E321F /* ContentView.swift */; };
		84DB395B28AE8B3D004E321F /* Assets.xcassets in Resources */ = {isa = PBXBuildFile; fileRef = 84DB395A28AE8B3D004E321F /* Assets.xcassets */; };
		84DB395E28AE8B3D004E321F /* Preview Assets.xcassets in Resources */ = {isa = PBXBuildFile; fileRef = 84DB395D28AE8B3D004E321F /* Preview Assets.xcassets */; };
		84DB396828AE8B3D004E321F /* WIPTests.swift in Sources */ = {isa = PBXBuildFile; fileRef = 84DB396728AE8B3D004E321F /* WIPTests.swift */; };
		84DB397228AE8B3D004E321F /* WIPUITests.swift in Sources */ = {isa = PBXBuildFile; fileRef = 84DB397128AE8B3D004E321F /* WIPUITests.swift */; };
		84DB397428AE8B3D004E321F /* WIPUITestsLaunchTests.swift in Sources */ = {isa = PBXBuildFile; fileRef = 84DB397328AE8B3D004E321F /* WIPUITestsLaunchTests.swift */; };
/* End PBXBuildFile section */

/* Begin PBXContainerItemProxy section */
		84DB396428AE8B3D004E321F /* PBXContainerItemProxy */ = {
			isa = PBXContainerItemProxy;
			containerPortal = 84DB394B28AE8B36004E321F /* Project object */;
			proxyType = 1;
			remoteGlobalIDString = 84DB395228AE8B36004E321F;
			remoteInfo = WIP;
		};
		84DB396E28AE8B3D004E321F /* PBXContainerItemProxy */ = {
			isa = PBXContainerItemProxy;
			containerPortal = 84DB394B28AE8B36004E321F /* Project object */;
			proxyType = 1;
			remoteGlobalIDString = 84DB395228AE8B36004E321F;
			remoteInfo = WIP;
		};
/* End PBXContainerItemProxy section */

/* Begin PBXFileReference section */
		84DB395328AE8B37004E321F /* WIP.app */ = {isa = PBXFileReference; explicitFileType = wrapper.application; includeInIndex = 0; path = WIP.app; sourceTree = BUILT_PRODUCTS_DIR; };
		84DB395628AE8B37004E321F /* WIPApp.swift */ = {isa = PBXFileReference; lastKnownFileType = sourcecode.swift; path = WIPApp.swift; sourceTree = "<group>"; };
		84DB395828AE8B37004E321F /* ContentView.swift */ = {isa = PBXFileReference; lastKnownFileType = sourcecode.swift; path = ContentView.swift; sourceTree = "<group>"; };
		84DB395A28AE8B3D004E321F /* Assets.xcassets */ = {isa = PBXFileReference; lastKnownFileType = folder.assetcatalog; path = Assets.xcassets; sourceTree = "<group>"; };
		84DB395D28AE8B3D004E321F /* Preview Assets.xcassets */ = {isa = PBXFileReference; lastKnownFileType = folder.assetcatalog; path = "Preview Assets.xcassets"; sourceTree = "<group>"; };
		84DB396328AE8B3D004E321F /* WIPTests.xctest */ = {isa = PBXFileReference; explicitFileType = wrapper.cfbundle; includeInIndex = 0; path = WIPTests.xctest; sourceTree = BUILT_PRODUCTS_DIR; };
		84DB396728AE8B3D004E321F /* WIPTests.swift */ = {isa = PBXFileReference; lastKnownFileType = sourcecode.swift; path = WIPTests.swift; sourceTree = "<group>"; };
		84DB396D28AE8B3D004E321F /* WIPUITests.xctest */ = {isa = PBXFileReference; explicitFileType = wrapper.cfbundle; includeInIndex = 0; path = WIPUITests.xctest; sourceTree = BUILT_PRODUCTS_DIR; };
		84DB397128AE8B3D004E321F /* WIPUITests.swift */ = {isa = PBXFileReference; lastKnownFileType = sourcecode.swift; path = WIPUITests.swift; sourceTree = "<group>"; };
		84DB397328AE8B3D004E321F /* WIPUITestsLaunchTests.swift */ = {isa = PBXFileReference; lastKnownFileType = sourcecode.swift; path = WIPUITestsLaunchTests.swift; sourceTree = "<group>"; };
/* End PBXFileReference section */

/* Begin PBXFrameworksBuildPhase section */
		84DB395028AE8B36004E321F /* Frameworks */ = {
			isa = PBXFrameworksBuildPhase;
			buildActionMask = 2147483647;
			files = (
			);
			runOnlyForDeploymentPostprocessing = 0;
		};
		84DB396028AE8B3D004E321F /* Frameworks */ = {
			isa = PBXFrameworksBuildPhase;
			buildActionMask = 2147483647;
			files = (
			);
			runOnlyForDeploymentPostprocessing = 0;
		};
		84DB396A28AE8B3D004E321F /* Frameworks */ = {
			isa = PBXFrameworksBuildPhase;
			buildActionMask = 2147483647;
			files = (
			);
			runOnlyForDeploymentPostprocessing = 0;
		};
/* End PBXFrameworksBuildPhase section */

/* Begin PBXGroup section */
		84DB394A28AE8B36004E321F = {
			isa = PBXGroup;
			children = (
				84DB395528AE8B37004E321F /* WIP */,
				84DB396628AE8B3D004E321F /* WIPTests */,
				84DB397028AE8B3D004E321F /* WIPUITests */,
				84DB395428AE8B37004E321F /* Products */,
			);
			sourceTree = "<group>";
		};
		84DB395428AE8B37004E321F /* Products */ = {
			isa = PBXGroup;
			children = (
				84DB395328AE8B37004E321F /* WIP.app */,
				84DB396328AE8B3D004E321F /* WIPTests.xctest */,
				84DB396D28AE8B3D004E321F /* WIPUITests.xctest */,
			);
			name = Products;
			sourceTree = "<group>";
		};
		84DB395528AE8B37004E321F /* WIP */ = {
			isa = PBXGroup;
			children = (
				84DB395628AE8B37004E321F /* WIPApp.swift */,
				84DB395828AE8B37004E321F /* ContentView.swift */,
				84DB395A28AE8B3D004E321F /* Assets.xcassets */,
				84DB395C28AE8B3D004E321F /* Preview Content */,
			);
			path = WIP;
			sourceTree = "<group>";
		};
		84DB395C28AE8B3D004E321F /* Preview Content */ = {
			isa = PBXGroup;
			children = (
				84DB395D28AE8B3D004E321F /* Preview Assets.xcassets */,
			);
			path = "Preview Content";
			sourceTree = "<group>";
		};
		84DB396628AE8B3D004E321F /* WIPTests */ = {
			isa = PBXGroup;
			children = (
				84DB396728AE8B3D004E321F /* WIPTests.swift */,
			);
			path = WIPTests;
			sourceTree = "<group>";
		};
		84DB397028AE8B3D004E321F /* WIPUITests */ = {
			isa = PBXGroup;
			children = (
				84DB397128AE8B3D004E321F /* WIPUITests.swift */,
				84DB397328AE8B3D004E321F /* WIPUITestsLaunchTests.swift */,
			);
			path = WIPUITests;
			sourceTree = "<group>";
		};
/* End PBXGroup section */

/* Begin PBXNativeTarget section */
		84DB395228AE8B36004E321F /* WIP */ = {
			isa = PBXNativeTarget;
			buildConfigurationList = 84DB397728AE8B3E004E321F /* Build configuration list for PBXNativeTarget "WIP" */;
			buildPhases = (
				84DB394F28AE8B36004E321F /* Sources */,
				84DB395028AE8B36004E321F /* Frameworks */,
				84DB395128AE8B36004E321F /* Resources */,
			);
			buildRules = (
			);
			dependencies = (
			);
			name = WIP;
			productName = WIP;
			productReference = 84DB395328AE8B37004E321F /* WIP.app */;
			productType = "com.apple.product-type.application";
		};
		84DB396228AE8B3D004E321F /* WIPTests */ = {
			isa = PBXNativeTarget;
			buildConfigurationList = 84DB397A28AE8B3E004E321F /* Build configuration list for PBXNativeTarget "WIPTests" */;
			buildPhases = (
				84DB395F28AE8B3D004E321F /* Sources */,
				84DB396028AE8B3D004E321F /* Frameworks */,
				84DB396128AE8B3D004E321F /* Resources */,
			);
			buildRules = (
			);
			dependencies = (
				84DB396528AE8B3D004E321F /* PBXTargetDependency */,
			);
			name = WIPTests;
			productName = WIPTests;
			productReference = 84DB396328AE8B3D004E321F /* WIPTests.xctest */;
			productType = "com.apple.product-type.bundle.unit-test";
		};
		84DB396C28AE8B3D004E321F /* WIPUITests */ = {
			isa = PBXNativeTarget;
			buildConfigurationList = 84DB397D28AE8B3E004E321F /* Build configuration list for PBXNativeTarget "WIPUITests" */;
			buildPhases = (
				84DB396928AE8B3D004E321F /* Sources */,
				84DB396A28AE8B3D004E321F /* Frameworks */,
				84DB396B28AE8B3D004E321F /* Resources */,
			);
			buildRules = (
			);
			dependencies = (
				84DB396F28AE8B3D004E321F /* PBXTargetDependency */,
			);
			name = WIPUITests;
			productName = WIPUITests;
			productReference = 84DB396D28AE8B3D004E321F /* WIPUITests.xctest */;
			productType = "com.apple.product-type.bundle.ui-testing";
		};
/* End PBXNativeTarget section */

/* Begin PBXProject section */
		84DB394B28AE8B36004E321F /* Project object */ = {
			isa = PBXProject;
			attributes = {
				BuildIndependentTargetsInParallel = 1;
				LastSwiftUpdateCheck = 1300;
				LastUpgradeCheck = 1300;
				TargetAttributes = {
					84DB395228AE8B36004E321F = {
						CreatedOnToolsVersion = 13.0;
					};
					84DB396228AE8B3D004E321F = {
						CreatedOnToolsVersion = 13.0;
						TestTargetID = 84DB395228AE8B36004E321F;
					};
					84DB396C28AE8B3D004E321F = {
						CreatedOnToolsVersion = 13.0;
						TestTargetID = 84DB395228AE8B36004E321F;
					};
				};
			};
			buildConfigurationList = 84DB394E28AE8B36004E321F /* Build configuration list for PBXProject "WIP" */;
			compatibilityVersion = "Xcode 13.0";
			developmentRegion = en;
			hasScannedForEncodings = 0;
			knownRegions = (
				en,
				Base,
			);
			mainGroup = 84DB394A28AE8B36004E321F;
			productRefGroup = 84DB395428AE8B37004E321F /* Products */;
			projectDirPath = "";
			projectRoot = "";
			targets = (
				84DB395228AE8B36004E321F /* WIP */,
				84DB396228AE8B3D004E321F /* WIPTests */,
				84DB396C28AE8B3D004E321F /* WIPUITests */,
			);
		};
/* End PBXProject section */

/* Begin PBXResourcesBuildPhase section */
		84DB395128AE8B36004E321F /* Resources */ = {
			isa = PBXResourcesBuildPhase;
			buildActionMask = 2147483647;
			files = (
				84DB395E28AE8B3D004E321F /* Preview Assets.xcassets in Resources */,
				84DB395B28AE8B3D004E321F /* Assets.xcassets in Resources */,
			);
			runOnlyForDeploymentPostprocessing = 0;
		};
		84DB396128AE8B3D004E321F /* Resources */ = {
			isa = PBXResourcesBuildPhase;
			buildActionMask = 2147483647;
			files = (
			);
			runOnlyForDeploymentPostprocessing = 0;
		};
		84DB396B28AE8B3D004E321F /* Resources */ = {
			isa = PBXResourcesBuildPhase;
			buildActionMask = 2147483647;
			files = (
			);
			runOnlyForDeploymentPostprocessing = 0;
		};
/* End PBXResourcesBuildPhase section */

/* Begin PBXSourcesBuildPhase section */
		84DB394F28AE8B36004E321F /* Sources */ = {
			isa = PBXSourcesBuildPhase;
			buildActionMask = 2147483647;
			files = (
				84DB395928AE8B37004E321F /* ContentView.swift in Sources */,
				84DB395728AE8B37004E321F /* WIPApp.swift in Sources */,
			);
			runOnlyForDeploymentPostprocessing = 0;
		};
		84DB395F28AE8B3D004E321F /* Sources */ = {
			isa = PBXSourcesBuildPhase;
			buildActionMask = 2147483647;
			files = (
				84DB396828AE8B3D004E321F /* WIPTests.swift in Sources */,
			);
			runOnlyForDeploymentPostprocessing = 0;
		};
		84DB396928AE8B3D004E321F /* Sources */ = {
			isa = PBXSourcesBuildPhase;
			buildActionMask = 2147483647;
			files = (
				84DB397228AE8B3D004E321F /* WIPUITests.swift in Sources */,
				84DB397428AE8B3D004E321F /* WIPUITestsLaunchTests.swift in Sources */,
			);
			runOnlyForDeploymentPostprocessing = 0;
		};
/* End PBXSourcesBuildPhase section */

/* Begin PBXTargetDependency section */
		84DB396528AE8B3D004E321F /* PBXTargetDependency */ = {
			isa = PBXTargetDependency;
			target = 84DB395228AE8B36004E321F /* WIP */;
			targetProxy = 84DB396428AE8B3D004E321F /* PBXContainerItemProxy */;
		};
		84DB396F28AE8B3D004E321F /* PBXTargetDependency */ = {
			isa = PBXTargetDependency;
			target = 84DB395228AE8B36004E321F /* WIP */;
			targetProxy = 84DB396E28AE8B3D004E321F /* PBXContainerItemProxy */;
		};
/* End PBXTargetDependency section */

/* Begin XCBuildConfiguration section */
		84DB397528AE8B3E004E321F /* Debug */ = {
			isa = XCBuildConfiguration;
			buildSettings = {
				ALWAYS_SEARCH_USER_PATHS = NO;
				CLANG_ANALYZER_NONNULL = YES;
				CLANG_ANALYZER_NUMBER_OBJECT_CONVERSION = YES_AGGRESSIVE;
				CLANG_CXX_LANGUAGE_STANDARD = "gnu++17";
				CLANG_CXX_LIBRARY = "libc++";
				CLANG_ENABLE_MODULES = YES;
				CLANG_ENABLE_OBJC_ARC = YES;
				CLANG_ENABLE_OBJC_WEAK = YES;
				CLANG_WARN_BLOCK_CAPTURE_AUTORELEASING = YES;
				CLANG_WARN_BOOL_CONVERSION = YES;
				CLANG_WARN_COMMA = YES;
				CLANG_WARN_CONSTANT_CONVERSION = YES;
				CLANG_WARN_DEPRECATED_OBJC_IMPLEMENTATIONS = YES;
				CLANG_WARN_DIRECT_OBJC_ISA_USAGE = YES_ERROR;
				CLANG_WARN_DOCUMENTATION_COMMENTS = YES;
				CLANG_WARN_EMPTY_BODY = YES;
				CLANG_WARN_ENUM_CONVERSION = YES;
				CLANG_WARN_INFINITE_RECURSION = YES;
				CLANG_WARN_INT_CONVERSION = YES;
				CLANG_WARN_NON_LITERAL_NULL_CONVERSION = YES;
				CLANG_WARN_OBJC_IMPLICIT_RETAIN_SELF = YES;
				CLANG_WARN_OBJC_LITERAL_CONVERSION = YES;
				CLANG_WARN_OBJC_ROOT_CLASS = YES_ERROR;
				CLANG_WARN_QUOTED_INCLUDE_IN_FRAMEWORK_HEADER = YES;
				CLANG_WARN_RANGE_LOOP_ANALYSIS = YES;
				CLANG_WARN_STRICT_PROTOTYPES = YES;
				CLANG_WARN_SUSPICIOUS_MOVE = YES;
				CLANG_WARN_UNGUARDED_AVAILABILITY = YES_AGGRESSIVE;
				CLANG_WARN_UNREACHABLE_CODE = YES;
				CLANG_WARN__DUPLICATE_METHOD_MATCH = YES;
				COPY_PHASE_STRIP = NO;
				DEBUG_INFORMATION_FORMAT = dwarf;
				ENABLE_STRICT_OBJC_MSGSEND = YES;
				ENABLE_TESTABILITY = YES;
				GCC_C_LANGUAGE_STANDARD = gnu11;
				GCC_DYNAMIC_NO_PIC = NO;
				GCC_NO_COMMON_BLOCKS = YES;
				GCC_OPTIMIZATION_LEVEL = 0;
				GCC_PREPROCESSOR_DEFINITIONS = (
					"DEBUG=1",
					"$(inherited)",
				);
				GCC_WARN_64_TO_32_BIT_CONVERSION = YES;
				GCC_WARN_ABOUT_RETURN_TYPE = YES_ERROR;
				GCC_WARN_UNDECLARED_SELECTOR = YES;
				GCC_WARN_UNINITIALIZED_AUTOS = YES_AGGRESSIVE;
				GCC_WARN_UNUSED_FUNCTION = YES;
				GCC_WARN_UNUSED_VARIABLE = YES;
				IPHONEOS_DEPLOYMENT_TARGET = 15.0;
				MTL_ENABLE_DEBUG_INFO = INCLUDE_SOURCE;
				MTL_FAST_MATH = YES;
				ONLY_ACTIVE_ARCH = YES;
				SDKROOT = iphoneos;
				SWIFT_ACTIVE_COMPILATION_CONDITIONS = DEBUG;
				SWIFT_OPTIMIZATION_LEVEL = "-Onone";
			};
			name = Debug;
		};
		84DB397628AE8B3E004E321F /* Release */ = {
			isa = XCBuildConfiguration;
			buildSettings = {
				ALWAYS_SEARCH_USER_PATHS = NO;
				CLANG_ANALYZER_NONNULL = YES;
				CLANG_ANALYZER_NUMBER_OBJECT_CONVERSION = YES_AGGRESSIVE;
				CLANG_CXX_LANGUAGE_STANDARD = "gnu++17";
				CLANG_CXX_LIBRARY = "libc++";
				CLANG_ENABLE_MODULES = YES;
				CLANG_ENABLE_OBJC_ARC = YES;
				CLANG_ENABLE_OBJC_WEAK = YES;
				CLANG_WARN_BLOCK_CAPTURE_AUTORELEASING = YES;
				CLANG_WARN_BOOL_CONVERSION = YES;
				CLANG_WARN_COMMA = YES;
				CLANG_WARN_CONSTANT_CONVERSION = YES;
				CLANG_WARN_DEPRECATED_OBJC_IMPLEMENTATIONS = YES;
				CLANG_WARN_DIRECT_OBJC_ISA_USAGE = YES_ERROR;
				CLANG_WARN_DOCUMENTATION_COMMENTS = YES;
				CLANG_WARN_EMPTY_BODY = YES;
				CLANG_WARN_ENUM_CONVERSION = YES;
				CLANG_WARN_INFINITE_RECURSION = YES;
				CLANG_WARN_INT_CONVERSION = YES;
				CLANG_WARN_NON_LITERAL_NULL_CONVERSION = YES;
				CLANG_WARN_OBJC_IMPLICIT_RETAIN_SELF = YES;
				CLANG_WARN_OBJC_LITERAL_CONVERSION = YES;
				CLANG_WARN_OBJC_ROOT_CLASS = YES_ERROR;
				CLANG_WARN_QUOTED_INCLUDE_IN_FRAMEWORK_HEADER = YES;
				CLANG_WARN_RANGE_LOOP_ANALYSIS = YES;
				CLANG_WARN_STRICT_PROTOTYPES = YES;
				CLANG_WARN_SUSPICIOUS_MOVE = YES;
				CLANG_WARN_UNGUARDED_AVAILABILITY = YES_AGGRESSIVE;
				CLANG_WARN_UNREACHABLE_CODE = YES;
				CLANG_WARN__DUPLICATE_METHOD_MATCH = YES;
				COPY_PHASE_STRIP = NO;
				DEBUG_INFORMATION_FORMAT = "dwarf-with-dsym";
				ENABLE_NS_ASSERTIONS = NO;
				ENABLE_STRICT_OBJC_MSGSEND = YES;
				GCC_C_LANGUAGE_STANDARD = gnu11;
				GCC_NO_COMMON_BLOCKS = YES;
				GCC_WARN_64_TO_32_BIT_CONVERSION = YES;
				GCC_WARN_ABOUT_RETURN_TYPE = YES_ERROR;
				GCC_WARN_UNDECLARED_SELECTOR = YES;
				GCC_WARN_UNINITIALIZED_AUTOS = YES_AGGRESSIVE;
				GCC_WARN_UNUSED_FUNCTION = YES;
				GCC_WARN_UNUSED_VARIABLE = YES;
				IPHONEOS_DEPLOYMENT_TARGET = 15.0;
				MTL_ENABLE_DEBUG_INFO = NO;
				MTL_FAST_MATH = YES;
				SDKROOT = iphoneos;
				SWIFT_COMPILATION_MODE = wholemodule;
				SWIFT_OPTIMIZATION_LEVEL = "-O";
				VALIDATE_PRODUCT = YES;
			};
			name = Release;
		};
		84DB397828AE8B3E004E321F /* Debug */ = {
			isa = XCBuildConfiguration;
			buildSettings = {
				ASSETCATALOG_COMPILER_APPICON_NAME = AppIcon;
				ASSETCATALOG_COMPILER_GLOBAL_ACCENT_COLOR_NAME = AccentColor;
				CODE_SIGN_STYLE = Automatic;
				CURRENT_PROJECT_VERSION = 1;
				DEVELOPMENT_ASSET_PATHS = "\"WIP/Preview Content\"";
				DEVELOPMENT_TEAM = ZF4K85C546;
				ENABLE_PREVIEWS = YES;
				GENERATE_INFOPLIST_FILE = YES;
				INFOPLIST_KEY_UIApplicationSceneManifest_Generation = YES;
				INFOPLIST_KEY_UIApplicationSupportsIndirectInputEvents = YES;
				INFOPLIST_KEY_UILaunchScreen_Generation = YES;
				INFOPLIST_KEY_UISupportedInterfaceOrientations_iPad = "UIInterfaceOrientationPortrait UIInterfaceOrientationPortraitUpsideDown UIInterfaceOrientationLandscapeLeft UIInterfaceOrientationLandscapeRight";
				INFOPLIST_KEY_UISupportedInterfaceOrientations_iPhone = "UIInterfaceOrientationPortrait UIInterfaceOrientationLandscapeLeft UIInterfaceOrientationLandscapeRight";
				IPHONEOS_DEPLOYMENT_TARGET = 14.0;
				LD_RUNPATH_SEARCH_PATHS = (
					"$(inherited)",
					"@executable_path/Frameworks",
				);
				MARKETING_VERSION = 1.0;
				PRODUCT_BUNDLE_IDENTIFIER = com.koefeldakeim.WIP;
				PRODUCT_NAME = "$(TARGET_NAME)";
				SWIFT_EMIT_LOC_STRINGS = YES;
				SWIFT_VERSION = 5.0;
				TARGETED_DEVICE_FAMILY = "1,2";
			};
			name = Debug;
		};
		84DB397928AE8B3E004E321F /* Release */ = {
			isa = XCBuildConfiguration;
			buildSettings = {
				ASSETCATALOG_COMPILER_APPICON_NAME = AppIcon;
				ASSETCATALOG_COMPILER_GLOBAL_ACCENT_COLOR_NAME = AccentColor;
				CODE_SIGN_STYLE = Automatic;
				CURRENT_PROJECT_VERSION = 1;
				DEVELOPMENT_ASSET_PATHS = "\"WIP/Preview Content\"";
				DEVELOPMENT_TEAM = ZF4K85C546;
				ENABLE_PREVIEWS = YES;
				GENERATE_INFOPLIST_FILE = YES;
				INFOPLIST_KEY_UIApplicationSceneManifest_Generation = YES;
				INFOPLIST_KEY_UIApplicationSupportsIndirectInputEvents = YES;
				INFOPLIST_KEY_UILaunchScreen_Generation = YES;
				INFOPLIST_KEY_UISupportedInterfaceOrientations_iPad = "UIInterfaceOrientationPortrait UIInterfaceOrientationPortraitUpsideDown UIInterfaceOrientationLandscapeLeft UIInterfaceOrientationLandscapeRight";
				INFOPLIST_KEY_UISupportedInterfaceOrientations_iPhone = "UIInterfaceOrientationPortrait UIInterfaceOrientationLandscapeLeft UIInterfaceOrientationLandscapeRight";
				IPHONEOS_DEPLOYMENT_TARGET = 14.0;
				LD_RUNPATH_SEARCH_PATHS = (
					"$(inherited)",
					"@executable_path/Frameworks",
				);
				MARKETING_VERSION = 1.0;
				PRODUCT_BUNDLE_IDENTIFIER = com.koefeldakeim.WIP;
				PRODUCT_NAME = "$(TARGET_NAME)";
				SWIFT_EMIT_LOC_STRINGS = YES;
				SWIFT_VERSION = 5.0;
				TARGETED_DEVICE_FAMILY = "1,2";
			};
			name = Release;
		};
		84DB397B28AE8B3E004E321F /* Debug */ = {
			isa = XCBuildConfiguration;
			buildSettings = {
				ALWAYS_EMBED_SWIFT_STANDARD_LIBRARIES = YES;
				BUNDLE_LOADER = "$(TEST_HOST)";
				CODE_SIGN_STYLE = Automatic;
				CURRENT_PROJECT_VERSION = 1;
				DEVELOPMENT_TEAM = ZF4K85C546;
				GENERATE_INFOPLIST_FILE = YES;
				IPHONEOS_DEPLOYMENT_TARGET = 14.0;
				LD_RUNPATH_SEARCH_PATHS = (
					"$(inherited)",
					"@executable_path/Frameworks",
					"@loader_path/Frameworks",
				);
				MARKETING_VERSION = 1.0;
				PRODUCT_BUNDLE_IDENTIFIER = com.koefeldakeim.WIPTests;
				PRODUCT_NAME = "$(TARGET_NAME)";
				SWIFT_EMIT_LOC_STRINGS = NO;
				SWIFT_VERSION = 5.0;
				TARGETED_DEVICE_FAMILY = "1,2";
				TEST_HOST = "$(BUILT_PRODUCTS_DIR)/WIP.app/WIP";
			};
			name = Debug;
		};
		84DB397C28AE8B3E004E321F /* Release */ = {
			isa = XCBuildConfiguration;
			buildSettings = {
				ALWAYS_EMBED_SWIFT_STANDARD_LIBRARIES = YES;
				BUNDLE_LOADER = "$(TEST_HOST)";
				CODE_SIGN_STYLE = Automatic;
				CURRENT_PROJECT_VERSION = 1;
				DEVELOPMENT_TEAM = ZF4K85C546;
				GENERATE_INFOPLIST_FILE = YES;
				IPHONEOS_DEPLOYMENT_TARGET = 14.0;
				LD_RUNPATH_SEARCH_PATHS = (
					"$(inherited)",
					"@executable_path/Frameworks",
					"@loader_path/Frameworks",
				);
				MARKETING_VERSION = 1.0;
				PRODUCT_BUNDLE_IDENTIFIER = com.koefeldakeim.WIPTests;
				PRODUCT_NAME = "$(TARGET_NAME)";
				SWIFT_EMIT_LOC_STRINGS = NO;
				SWIFT_VERSION = 5.0;
				TARGETED_DEVICE_FAMILY = "1,2";
				TEST_HOST = "$(BUILT_PRODUCTS_DIR)/WIP.app/WIP";
			};
			name = Release;
		};
		84DB397E28AE8B3E004E321F /* Debug */ = {
			isa = XCBuildConfiguration;
			buildSettings = {
				ALWAYS_EMBED_SWIFT_STANDARD_LIBRARIES = YES;
				CODE_SIGN_STYLE = Automatic;
				CURRENT_PROJECT_VERSION = 1;
				DEVELOPMENT_TEAM = ZF4K85C546;
				GENERATE_INFOPLIST_FILE = YES;
				LD_RUNPATH_SEARCH_PATHS = (
					"$(inherited)",
					"@executable_path/Frameworks",
					"@loader_path/Frameworks",
				);
				MARKETING_VERSION = 1.0;
				PRODUCT_BUNDLE_IDENTIFIER = com.koefeldakeim.WIPUITests;
				PRODUCT_NAME = "$(TARGET_NAME)";
				SWIFT_EMIT_LOC_STRINGS = NO;
				SWIFT_VERSION = 5.0;
				TARGETED_DEVICE_FAMILY = "1,2";
				TEST_TARGET_NAME = WIP;
			};
			name = Debug;
		};
		84DB397F28AE8B3E004E321F /* Release */ = {
			isa = XCBuildConfiguration;
			buildSettings = {
				ALWAYS_EMBED_SWIFT_STANDARD_LIBRARIES = YES;
				CODE_SIGN_STYLE = Automatic;
				CURRENT_PROJECT_VERSION = 1;
				DEVELOPMENT_TEAM = ZF4K85C546;
				GENERATE_INFOPLIST_FILE = YES;
				LD_RUNPATH_SEARCH_PATHS = (
					"$(inherited)",
					"@executable_path/Frameworks",
					"@loader_path/Frameworks",
				);
				MARKETING_VERSION = 1.0;
				PRODUCT_BUNDLE_IDENTIFIER = com.koefeldakeim.WIPUITests;
				PRODUCT_NAME = "$(TARGET_NAME)";
				SWIFT_EMIT_LOC_STRINGS = NO;
				SWIFT_VERSION = 5.0;
				TARGETED_DEVICE_FAMILY = "1,2";
				TEST_TARGET_NAME = WIP;
			};
			name = Release;
		};
/* End XCBuildConfiguration section */

/* Begin XCConfigurationList section */
		84DB394E28AE8B36004E321F /* Build configuration list for PBXProject "WIP" */ = {
			isa = XCConfigurationList;
			buildConfigurations = (
				84DB397528AE8B3E004E321F /* Debug */,
				84DB397628AE8B3E004E321F /* Release */,
			);
			defaultConfigurationIsVisible = 0;
			defaultConfigurationName = Release;
		};
		84DB397728AE8B3E004E321F /* Build configuration list for PBXNativeTarget "WIP" */ = {
			isa = XCConfigurationList;
			buildConfigurations = (
				84DB397828AE8B3E004E321F /* Debug */,
				84DB397928AE8B3E004E321F /* Release */,
			);
			defaultConfigurationIsVisible = 0;
			defaultConfigurationName = Release;
		};
		84DB397A28AE8B3E004E321F /* Build configuration list for PBXNativeTarget "WIPTests" */ = {
			isa = XCConfigurationList;
			buildConfigurations = (
				84DB397B28AE8B3E004E321F /* Debug */,
				84DB397C28AE8B3E004E321F /* Release */,
			);
			defaultConfigurationIsVisible = 0;
			defaultConfigurationName = Release;
		};
		84DB397D28AE8B3E004E321F /* Build configuration list for PBXNativeTarget "WIPUITests" */ = {
			isa = XCConfigurationList;
			buildConfigurations = (
				84DB397E28AE8B3E004E321F /* Debug */,
				84DB397F28AE8B3E004E321F /* Release */,
			);
			defaultConfigurationIsVisible = 0;
			defaultConfigurationName = Release;
		};
/* End XCConfigurationList section */
	};
	rootObject = 84DB394B28AE8B36004E321F /* Project object */;
}
