// !$*UTF8*$!
{
	archiveVersion = 1;
	classes = {
	};
	objectVersion = 55;
	objects = {

/* Begin PBXBuildFile section */
		84169CC228C8DE1E0087B499 /* CategoryRow.swift in Sources */ = {isa = PBXBuildFile; fileRef = 84169CC128C8DE1D0087B499 /* CategoryRow.swift */; };
		84169CC628C8DF830087B499 /* CategoryItem.swift in Sources */ = {isa = PBXBuildFile; fileRef = 84169CC528C8DF830087B499 /* CategoryItem.swift */; };
		8419C00728D4BC4900696DDF /* PageControl.swift in Sources */ = {isa = PBXBuildFile; fileRef = 8419C00628D4BC4800696DDF /* PageControl.swift */; };
		841B813528D0CED900580569 /* PageView.swift in Sources */ = {isa = PBXBuildFile; fileRef = 841B813428D0CED900580569 /* PageView.swift */; };
		84200D9029074B2A005BEB6E /* SFSafariViewWrapper.swift in Sources */ = {isa = PBXBuildFile; fileRef = 84200D8F29074B2A005BEB6E /* SFSafariViewWrapper.swift */; };
		844A018028FEEDA70056F06F /* ImagePicker.swift in Sources */ = {isa = PBXBuildFile; fileRef = 844A017F28FEEDA60056F06F /* ImagePicker.swift */; };
		8464169328C78E350024F3E7 /* HikeDetail.swift in Sources */ = {isa = PBXBuildFile; fileRef = 8464169028C78E350024F3E7 /* HikeDetail.swift */; };
		8464169428C78E350024F3E7 /* GraphCapsule.swift in Sources */ = {isa = PBXBuildFile; fileRef = 8464168F28C78E340024F3E7 /* GraphCapsule.swift */; };
		8464169528C78E350024F3E7 /* HikeGraph.swift in Sources */ = {isa = PBXBuildFile; fileRef = 8464169228C78E350024F3E7 /* HikeGraph.swift */; };
		8464169B28C78EA20024F3E7 /* HikeView.swift in Sources */ = {isa = PBXBuildFile; fileRef = 8464169A28C78EA20024F3E7 /* HikeView.swift */; };
		846416A228C793E90024F3E7 /* CategoryHome.swift in Sources */ = {isa = PBXBuildFile; fileRef = 846416A128C793E90024F3E7 /* CategoryHome.swift */; };
		8468A07B28C8E6D0004D1A56 /* Profile.swift in Sources */ = {isa = PBXBuildFile; fileRef = 8468A07A28C8E6D0004D1A56 /* Profile.swift */; };
		8468A07E28C8E7D9004D1A56 /* ProfileHost.swift in Sources */ = {isa = PBXBuildFile; fileRef = 8468A07D28C8E7D9004D1A56 /* ProfileHost.swift */; };
		8468A08028C8E813004D1A56 /* ProfileSummary.swift in Sources */ = {isa = PBXBuildFile; fileRef = 8468A07F28C8E813004D1A56 /* ProfileSummary.swift */; };
		8468A08228C8E939004D1A56 /* HikeBadge.swift in Sources */ = {isa = PBXBuildFile; fileRef = 8468A08128C8E939004D1A56 /* HikeBadge.swift */; };
		847ADFBD2906D56F005426FD /* BadnessHome.swift in Sources */ = {isa = PBXBuildFile; fileRef = 847ADFBC2906D56F005426FD /* BadnessHome.swift */; };
		847ADFBF2906D9EF005426FD /* RandomHome.swift in Sources */ = {isa = PBXBuildFile; fileRef = 847ADFBE2906D9EF005426FD /* RandomHome.swift */; };
		849BE41D28BFAEBC00229189 /* HexagonParameters.swift in Sources */ = {isa = PBXBuildFile; fileRef = 849BE41C28BFAEBC00229189 /* HexagonParameters.swift */; };
		849BE41F28BFAFF800229189 /* BadgeBackground.swift in Sources */ = {isa = PBXBuildFile; fileRef = 849BE41E28BFAFF800229189 /* BadgeBackground.swift */; };
		84AE125928CF7CF300D6D061 /* PageViewController.swift in Sources */ = {isa = PBXBuildFile; fileRef = 84AE125828CF7CF200D6D061 /* PageViewController.swift */; };
		84B21E4628BD02540046A31E /* Landmark.swift in Sources */ = {isa = PBXBuildFile; fileRef = 84B21E4528BD02540046A31E /* Landmark.swift */; };
		84B21E4828BD03BC0046A31E /* ModelData.swift in Sources */ = {isa = PBXBuildFile; fileRef = 84B21E4728BD03BC0046A31E /* ModelData.swift */; };
		84B21E4D28BD05230046A31E /* landmarkData.json in Resources */ = {isa = PBXBuildFile; fileRef = 84B21E4C28BD05230046A31E /* landmarkData.json */; };
		84B21E5328BD063E0046A31E /* LandmarkRow.swift in Sources */ = {isa = PBXBuildFile; fileRef = 84B21E5228BD063E0046A31E /* LandmarkRow.swift */; };
		84B21E5528BD08D90046A31E /* LandmarkList.swift in Sources */ = {isa = PBXBuildFile; fileRef = 84B21E5428BD08D90046A31E /* LandmarkList.swift */; };
		84B38D2A28B66EB50052671A /* MapView.swift in Sources */ = {isa = PBXBuildFile; fileRef = 84B38D2928B66EB50052671A /* MapView.swift */; };
		84B732DE28BE52FD009F5A40 /* LandmarkDetail.swift in Sources */ = {isa = PBXBuildFile; fileRef = 84B732DD28BE52FD009F5A40 /* LandmarkDetail.swift */; };
		84BA3EF928BFA7AC003E59CF /* FavoriteButton.swift in Sources */ = {isa = PBXBuildFile; fileRef = 84BA3EF828BFA7AC003E59CF /* FavoriteButton.swift */; };
		84C8728F28CB9A190051C3D3 /* ProfileEditor.swift in Sources */ = {isa = PBXBuildFile; fileRef = 84C8728E28CB9A190051C3D3 /* ProfileEditor.swift */; };
		84C8C6D528FD9F5A00F1B6F0 /* Occurence.swift in Sources */ = {isa = PBXBuildFile; fileRef = 84C8C6D428FD9F5A00F1B6F0 /* Occurence.swift */; };
		84C8C6D728FD9F6F00F1B6F0 /* occurenceData.json in Resources */ = {isa = PBXBuildFile; fileRef = 84C8C6D628FD9F6F00F1B6F0 /* occurenceData.json */; };
		84DB395728AE8B37004E321F /* WIPApp.swift in Sources */ = {isa = PBXBuildFile; fileRef = 84DB395628AE8B37004E321F /* WIPApp.swift */; };
		84DB395928AE8B37004E321F /* ContentView.swift in Sources */ = {isa = PBXBuildFile; fileRef = 84DB395828AE8B37004E321F /* ContentView.swift */; };
		84DB395B28AE8B3D004E321F /* Assets.xcassets in Resources */ = {isa = PBXBuildFile; fileRef = 84DB395A28AE8B3D004E321F /* Assets.xcassets */; };
		84DB395E28AE8B3D004E321F /* Preview Assets.xcassets in Resources */ = {isa = PBXBuildFile; fileRef = 84DB395D28AE8B3D004E321F /* Preview Assets.xcassets */; };
		84DB396828AE8B3D004E321F /* WIPTests.swift in Sources */ = {isa = PBXBuildFile; fileRef = 84DB396728AE8B3D004E321F /* WIPTests.swift */; };
		84DB397228AE8B3D004E321F /* WIPUITests.swift in Sources */ = {isa = PBXBuildFile; fileRef = 84DB397128AE8B3D004E321F /* WIPUITests.swift */; };
		84DB397428AE8B3D004E321F /* WIPUITestsLaunchTests.swift in Sources */ = {isa = PBXBuildFile; fileRef = 84DB397328AE8B3D004E321F /* WIPUITestsLaunchTests.swift */; };
		84DB39ED28B51DC5004E321F /* CircleImage.swift in Sources */ = {isa = PBXBuildFile; fileRef = 84DB39EC28B51DC4004E321F /* CircleImage.swift */; };
		84FA11E828C78C09007648EE /* hikeData.json in Resources */ = {isa = PBXBuildFile; fileRef = 84FA11E728C78C09007648EE /* hikeData.json */; };
		84FA11EA28C78C25007648EE /* Hike.swift in Sources */ = {isa = PBXBuildFile; fileRef = 84FA11E928C78C25007648EE /* Hike.swift */; };
		84FE964828C2482E00C2F118 /* BadgeSymbol.swift in Sources */ = {isa = PBXBuildFile; fileRef = 84FE964728C2482E00C2F118 /* BadgeSymbol.swift */; };
		84FE964A28C24A5C00C2F118 /* RotatedBadgeSymbol.swift in Sources */ = {isa = PBXBuildFile; fileRef = 84FE964928C24A5C00C2F118 /* RotatedBadgeSymbol.swift */; };
		84FE964C28C24ACB00C2F118 /* Badge.swift in Sources */ = {isa = PBXBuildFile; fileRef = 84FE964B28C24ACB00C2F118 /* Badge.swift */; };
/* End PBXBuildFile section */

/* Begin PBXContainerItemProxy section */
		84DB396428AE8B3D004E321F /* PBXContainerItemProxy */ = {
			isa = PBXContainerItemProxy;
			containerPortal = 84DB394B28AE8B36004E321F /* Project object */;
			proxyType = 1;
			remoteGlobalIDString = 84DB395228AE8B36004E321F;
			remoteInfo = WIP;
		};
		84DB396E28AE8B3D004E321F /* PBXContainerItemProxy */ = {
			isa = PBXContainerItemProxy;
			containerPortal = 84DB394B28AE8B36004E321F /* Project object */;
			proxyType = 1;
			remoteGlobalIDString = 84DB395228AE8B36004E321F;
			remoteInfo = WIP;
		};
/* End PBXContainerItemProxy section */

/* Begin PBXFileReference section */
		84169CC128C8DE1D0087B499 /* CategoryRow.swift */ = {isa = PBXFileReference; lastKnownFileType = sourcecode.swift; path = CategoryRow.swift; sourceTree = "<group>"; };
		84169CC528C8DF830087B499 /* CategoryItem.swift */ = {isa = PBXFileReference; lastKnownFileType = sourcecode.swift; path = CategoryItem.swift; sourceTree = "<group>"; };
		8419C00628D4BC4800696DDF /* PageControl.swift */ = {isa = PBXFileReference; lastKnownFileType = sourcecode.swift; path = PageControl.swift; sourceTree = "<group>"; };
		841B813428D0CED900580569 /* PageView.swift */ = {isa = PBXFileReference; lastKnownFileType = sourcecode.swift; path = PageView.swift; sourceTree = "<group>"; };
		84200D8F29074B2A005BEB6E /* SFSafariViewWrapper.swift */ = {isa = PBXFileReference; lastKnownFileType = sourcecode.swift; path = SFSafariViewWrapper.swift; sourceTree = "<group>"; };
		844A017F28FEEDA60056F06F /* ImagePicker.swift */ = {isa = PBXFileReference; lastKnownFileType = sourcecode.swift; path = ImagePicker.swift; sourceTree = "<group>"; };
		8464168F28C78E340024F3E7 /* GraphCapsule.swift */ = {isa = PBXFileReference; lastKnownFileType = sourcecode.swift; path = GraphCapsule.swift; sourceTree = "<group>"; };
		8464169028C78E350024F3E7 /* HikeDetail.swift */ = {isa = PBXFileReference; lastKnownFileType = sourcecode.swift; path = HikeDetail.swift; sourceTree = "<group>"; };
		8464169228C78E350024F3E7 /* HikeGraph.swift */ = {isa = PBXFileReference; lastKnownFileType = sourcecode.swift; path = HikeGraph.swift; sourceTree = "<group>"; };
		8464169A28C78EA20024F3E7 /* HikeView.swift */ = {isa = PBXFileReference; lastKnownFileType = sourcecode.swift; path = HikeView.swift; sourceTree = "<group>"; };
		846416A128C793E90024F3E7 /* CategoryHome.swift */ = {isa = PBXFileReference; lastKnownFileType = sourcecode.swift; path = CategoryHome.swift; sourceTree = "<group>"; };
		8468A07A28C8E6D0004D1A56 /* Profile.swift */ = {isa = PBXFileReference; lastKnownFileType = sourcecode.swift; path = Profile.swift; sourceTree = "<group>"; };
		8468A07D28C8E7D9004D1A56 /* ProfileHost.swift */ = {isa = PBXFileReference; lastKnownFileType = sourcecode.swift; path = ProfileHost.swift; sourceTree = "<group>"; };
		8468A07F28C8E813004D1A56 /* ProfileSummary.swift */ = {isa = PBXFileReference; lastKnownFileType = sourcecode.swift; path = ProfileSummary.swift; sourceTree = "<group>"; };
		8468A08128C8E939004D1A56 /* HikeBadge.swift */ = {isa = PBXFileReference; lastKnownFileType = sourcecode.swift; path = HikeBadge.swift; sourceTree = "<group>"; };
		847ADFBC2906D56F005426FD /* BadnessHome.swift */ = {isa = PBXFileReference; lastKnownFileType = sourcecode.swift; path = BadnessHome.swift; sourceTree = "<group>"; };
		847ADFBE2906D9EF005426FD /* RandomHome.swift */ = {isa = PBXFileReference; lastKnownFileType = sourcecode.swift; path = RandomHome.swift; sourceTree = "<group>"; };
		849BE41C28BFAEBC00229189 /* HexagonParameters.swift */ = {isa = PBXFileReference; lastKnownFileType = sourcecode.swift; path = HexagonParameters.swift; sourceTree = "<group>"; };
		849BE41E28BFAFF800229189 /* BadgeBackground.swift */ = {isa = PBXFileReference; lastKnownFileType = sourcecode.swift; path = BadgeBackground.swift; sourceTree = "<group>"; };
		84AE125828CF7CF200D6D061 /* PageViewController.swift */ = {isa = PBXFileReference; lastKnownFileType = sourcecode.swift; path = PageViewController.swift; sourceTree = "<group>"; };
		84B21E4528BD02540046A31E /* Landmark.swift */ = {isa = PBXFileReference; lastKnownFileType = sourcecode.swift; path = Landmark.swift; sourceTree = "<group>"; };
		84B21E4728BD03BC0046A31E /* ModelData.swift */ = {isa = PBXFileReference; lastKnownFileType = sourcecode.swift; path = ModelData.swift; sourceTree = "<group>"; };
		84B21E4C28BD05230046A31E /* landmarkData.json */ = {isa = PBXFileReference; fileEncoding = 4; lastKnownFileType = text.json; path = landmarkData.json; sourceTree = "<group>"; };
		84B21E5228BD063E0046A31E /* LandmarkRow.swift */ = {isa = PBXFileReference; lastKnownFileType = sourcecode.swift; path = LandmarkRow.swift; sourceTree = "<group>"; };
		84B21E5428BD08D90046A31E /* LandmarkList.swift */ = {isa = PBXFileReference; lastKnownFileType = sourcecode.swift; path = LandmarkList.swift; sourceTree = "<group>"; };
		84B38D2928B66EB50052671A /* MapView.swift */ = {isa = PBXFileReference; lastKnownFileType = sourcecode.swift; path = MapView.swift; sourceTree = "<group>"; };
		84B732DD28BE52FD009F5A40 /* LandmarkDetail.swift */ = {isa = PBXFileReference; lastKnownFileType = sourcecode.swift; path = LandmarkDetail.swift; sourceTree = "<group>"; };
		84BA3EF828BFA7AC003E59CF /* FavoriteButton.swift */ = {isa = PBXFileReference; lastKnownFileType = sourcecode.swift; path = FavoriteButton.swift; sourceTree = "<group>"; };
		84C8728E28CB9A190051C3D3 /* ProfileEditor.swift */ = {isa = PBXFileReference; lastKnownFileType = sourcecode.swift; path = ProfileEditor.swift; sourceTree = "<group>"; };
		84C8C6D428FD9F5A00F1B6F0 /* Occurence.swift */ = {isa = PBXFileReference; lastKnownFileType = sourcecode.swift; path = Occurence.swift; sourceTree = "<group>"; };
		84C8C6D628FD9F6F00F1B6F0 /* occurenceData.json */ = {isa = PBXFileReference; fileEncoding = 4; lastKnownFileType = text.json; path = occurenceData.json; sourceTree = "<group>"; };
		84DB395328AE8B37004E321F /* WIP.app */ = {isa = PBXFileReference; explicitFileType = wrapper.application; includeInIndex = 0; path = WIP.app; sourceTree = BUILT_PRODUCTS_DIR; };
		84DB395628AE8B37004E321F /* WIPApp.swift */ = {isa = PBXFileReference; lastKnownFileType = sourcecode.swift; path = WIPApp.swift; sourceTree = "<group>"; };
		84DB395828AE8B37004E321F /* ContentView.swift */ = {isa = PBXFileReference; lastKnownFileType = sourcecode.swift; path = ContentView.swift; sourceTree = "<group>"; };
		84DB395A28AE8B3D004E321F /* Assets.xcassets */ = {isa = PBXFileReference; lastKnownFileType = folder.assetcatalog; path = Assets.xcassets; sourceTree = "<group>"; };
		84DB395D28AE8B3D004E321F /* Preview Assets.xcassets */ = {isa = PBXFileReference; lastKnownFileType = folder.assetcatalog; path = "Preview Assets.xcassets"; sourceTree = "<group>"; };
		84DB396328AE8B3D004E321F /* WIPTests.xctest */ = {isa = PBXFileReference; explicitFileType = wrapper.cfbundle; includeInIndex = 0; path = WIPTests.xctest; sourceTree = BUILT_PRODUCTS_DIR; };
		84DB396728AE8B3D004E321F /* WIPTests.swift */ = {isa = PBXFileReference; lastKnownFileType = sourcecode.swift; path = WIPTests.swift; sourceTree = "<group>"; };
		84DB396D28AE8B3D004E321F /* WIPUITests.xctest */ = {isa = PBXFileReference; explicitFileType = wrapper.cfbundle; includeInIndex = 0; path = WIPUITests.xctest; sourceTree = BUILT_PRODUCTS_DIR; };
		84DB397128AE8B3D004E321F /* WIPUITests.swift */ = {isa = PBXFileReference; lastKnownFileType = sourcecode.swift; path = WIPUITests.swift; sourceTree = "<group>"; };
		84DB397328AE8B3D004E321F /* WIPUITestsLaunchTests.swift */ = {isa = PBXFileReference; lastKnownFileType = sourcecode.swift; path = WIPUITestsLaunchTests.swift; sourceTree = "<group>"; };
		84DB39EC28B51DC4004E321F /* CircleImage.swift */ = {isa = PBXFileReference; lastKnownFileType = sourcecode.swift; path = CircleImage.swift; sourceTree = "<group>"; };
		84FA11E728C78C09007648EE /* hikeData.json */ = {isa = PBXFileReference; fileEncoding = 4; lastKnownFileType = text.json; path = hikeData.json; sourceTree = "<group>"; };
		84FA11E928C78C25007648EE /* Hike.swift */ = {isa = PBXFileReference; lastKnownFileType = sourcecode.swift; path = Hike.swift; sourceTree = "<group>"; };
		84FE964728C2482E00C2F118 /* BadgeSymbol.swift */ = {isa = PBXFileReference; lastKnownFileType = sourcecode.swift; path = BadgeSymbol.swift; sourceTree = "<group>"; };
		84FE964928C24A5C00C2F118 /* RotatedBadgeSymbol.swift */ = {isa = PBXFileReference; lastKnownFileType = sourcecode.swift; path = RotatedBadgeSymbol.swift; sourceTree = "<group>"; };
		84FE964B28C24ACB00C2F118 /* Badge.swift */ = {isa = PBXFileReference; lastKnownFileType = sourcecode.swift; path = Badge.swift; sourceTree = "<group>"; };
/* End PBXFileReference section */

/* Begin PBXFrameworksBuildPhase section */
		84DB395028AE8B36004E321F /* Frameworks */ = {
			isa = PBXFrameworksBuildPhase;
			buildActionMask = 2147483647;
			files = (
			);
			runOnlyForDeploymentPostprocessing = 0;
		};
		84DB396028AE8B3D004E321F /* Frameworks */ = {
			isa = PBXFrameworksBuildPhase;
			buildActionMask = 2147483647;
			files = (
			);
			runOnlyForDeploymentPostprocessing = 0;
		};
		84DB396A28AE8B3D004E321F /* Frameworks */ = {
			isa = PBXFrameworksBuildPhase;
			buildActionMask = 2147483647;
			files = (
			);
			runOnlyForDeploymentPostprocessing = 0;
		};
/* End PBXFrameworksBuildPhase section */

/* Begin PBXGroup section */
		8464169928C78E750024F3E7 /* Hikes */ = {
			isa = PBXGroup;
			children = (
				8464169228C78E350024F3E7 /* HikeGraph.swift */,
				8464169A28C78EA20024F3E7 /* HikeView.swift */,
				8464168F28C78E340024F3E7 /* GraphCapsule.swift */,
				8464169028C78E350024F3E7 /* HikeDetail.swift */,
				8468A08128C8E939004D1A56 /* HikeBadge.swift */,
			);
			path = Hikes;
			sourceTree = "<group>";
		};
		846416A028C793C90024F3E7 /* Categories */ = {
			isa = PBXGroup;
			children = (
				846416A128C793E90024F3E7 /* CategoryHome.swift */,
				847ADFBE2906D9EF005426FD /* RandomHome.swift */,
				847ADFBC2906D56F005426FD /* BadnessHome.swift */,
				84169CC128C8DE1D0087B499 /* CategoryRow.swift */,
				84169CC528C8DF830087B499 /* CategoryItem.swift */,
			);
			path = Categories;
			sourceTree = "<group>";
		};
		8468A07C28C8E7C1004D1A56 /* Profiles */ = {
			isa = PBXGroup;
			children = (
				8468A07D28C8E7D9004D1A56 /* ProfileHost.swift */,
				84C8728E28CB9A190051C3D3 /* ProfileEditor.swift */,
				844A017F28FEEDA60056F06F /* ImagePicker.swift */,
				8468A07F28C8E813004D1A56 /* ProfileSummary.swift */,
			);
			path = Profiles;
			sourceTree = "<group>";
		};
		84AE125728CF7CCD00D6D061 /* PageView */ = {
			isa = PBXGroup;
			children = (
				84AE125828CF7CF200D6D061 /* PageViewController.swift */,
				8419C00628D4BC4800696DDF /* PageControl.swift */,
				841B813428D0CED900580569 /* PageView.swift */,
			);
			path = PageView;
			sourceTree = "<group>";
		};
		84B21E4928BD04C20046A31E /* Views */ = {
			isa = PBXGroup;
			children = (
				84AE125728CF7CCD00D6D061 /* PageView */,
				846416A028C793C90024F3E7 /* Categories */,
				84DB395828AE8B37004E321F /* ContentView.swift */,
				84BA3EFB28BFA891003E59CF /* Helpers */,
				8464169928C78E750024F3E7 /* Hikes */,
				84BA3EFA28BFA871003E59CF /* Landmarks */,
				8468A07C28C8E7C1004D1A56 /* Profiles */,
			);
			path = Views;
			sourceTree = "<group>";
		};
		84B21E4A28BD04E10046A31E /* Model */ = {
			isa = PBXGroup;
			children = (
				84B21E4528BD02540046A31E /* Landmark.swift */,
				84C8C6D428FD9F5A00F1B6F0 /* Occurence.swift */,
				84FA11E928C78C25007648EE /* Hike.swift */,
				84B21E4728BD03BC0046A31E /* ModelData.swift */,
				8468A07A28C8E6D0004D1A56 /* Profile.swift */,
			);
			path = Model;
			sourceTree = "<group>";
		};
		84B21E4B28BD04F90046A31E /* Resources */ = {
			isa = PBXGroup;
			children = (
				84C8C6D628FD9F6F00F1B6F0 /* occurenceData.json */,
				84FA11E728C78C09007648EE /* hikeData.json */,
				84B21E4C28BD05230046A31E /* landmarkData.json */,
			);
			path = Resources;
			sourceTree = "<group>";
		};
		84BA3EFA28BFA871003E59CF /* Landmarks */ = {
			isa = PBXGroup;
			children = (
				84B732DD28BE52FD009F5A40 /* LandmarkDetail.swift */,
				84200D8F29074B2A005BEB6E /* SFSafariViewWrapper.swift */,
				84B21E5428BD08D90046A31E /* LandmarkList.swift */,
				84B21E5228BD063E0046A31E /* LandmarkRow.swift */,
			);
			path = Landmarks;
			sourceTree = "<group>";
		};
		84BA3EFB28BFA891003E59CF /* Helpers */ = {
			isa = PBXGroup;
			children = (
				84DB39EC28B51DC4004E321F /* CircleImage.swift */,
				84BA3EF828BFA7AC003E59CF /* FavoriteButton.swift */,
				84B38D2928B66EB50052671A /* MapView.swift */,
			);
			path = Helpers;
			sourceTree = "<group>";
		};
		84DB394A28AE8B36004E321F = {
			isa = PBXGroup;
			children = (
				84DB395528AE8B37004E321F /* WIP */,
				84DB396628AE8B3D004E321F /* WIPTests */,
				84DB397028AE8B3D004E321F /* WIPUITests */,
				84DB395428AE8B37004E321F /* Products */,
			);
			sourceTree = "<group>";
		};
		84DB395428AE8B37004E321F /* Products */ = {
			isa = PBXGroup;
			children = (
				84DB395328AE8B37004E321F /* WIP.app */,
				84DB396328AE8B3D004E321F /* WIPTests.xctest */,
				84DB396D28AE8B3D004E321F /* WIPUITests.xctest */,
			);
			name = Products;
			sourceTree = "<group>";
		};
		84DB395528AE8B37004E321F /* WIP */ = {
			isa = PBXGroup;
			children = (
				84DB395628AE8B37004E321F /* WIPApp.swift */,
				84FE964D28C24BCD00C2F118 /* Badges */,
				84B21E4928BD04C20046A31E /* Views */,
				84B21E4A28BD04E10046A31E /* Model */,
				84DB395A28AE8B3D004E321F /* Assets.xcassets */,
				84B21E4B28BD04F90046A31E /* Resources */,
				84DB395C28AE8B3D004E321F /* Preview Content */,
			);
			path = WIP;
			sourceTree = "<group>";
		};
		84DB395C28AE8B3D004E321F /* Preview Content */ = {
			isa = PBXGroup;
			children = (
				84DB395D28AE8B3D004E321F /* Preview Assets.xcassets */,
			);
			path = "Preview Content";
			sourceTree = "<group>";
		};
		84DB396628AE8B3D004E321F /* WIPTests */ = {
			isa = PBXGroup;
			children = (
				84DB396728AE8B3D004E321F /* WIPTests.swift */,
			);
			path = WIPTests;
			sourceTree = "<group>";
		};
		84DB397028AE8B3D004E321F /* WIPUITests */ = {
			isa = PBXGroup;
			children = (
				84DB397128AE8B3D004E321F /* WIPUITests.swift */,
				84DB397328AE8B3D004E321F /* WIPUITestsLaunchTests.swift */,
			);
			path = WIPUITests;
			sourceTree = "<group>";
		};
		84FE964D28C24BCD00C2F118 /* Badges */ = {
			isa = PBXGroup;
			children = (
				84FE964B28C24ACB00C2F118 /* Badge.swift */,
				849BE41C28BFAEBC00229189 /* HexagonParameters.swift */,
				849BE41E28BFAFF800229189 /* BadgeBackground.swift */,
				84FE964728C2482E00C2F118 /* BadgeSymbol.swift */,
				84FE964928C24A5C00C2F118 /* RotatedBadgeSymbol.swift */,
			);
			path = Badges;
			sourceTree = "<group>";
		};
/* End PBXGroup section */

/* Begin PBXNativeTarget section */
		84DB395228AE8B36004E321F /* WIP */ = {
			isa = PBXNativeTarget;
			buildConfigurationList = 84DB397728AE8B3E004E321F /* Build configuration list for PBXNativeTarget "WIP" */;
			buildPhases = (
				84DB394F28AE8B36004E321F /* Sources */,
				84DB395028AE8B36004E321F /* Frameworks */,
				84DB395128AE8B36004E321F /* Resources */,
			);
			buildRules = (
			);
			dependencies = (
			);
			name = WIP;
			productName = WIP;
			productReference = 84DB395328AE8B37004E321F /* WIP.app */;
			productType = "com.apple.product-type.application";
		};
		84DB396228AE8B3D004E321F /* WIPTests */ = {
			isa = PBXNativeTarget;
			buildConfigurationList = 84DB397A28AE8B3E004E321F /* Build configuration list for PBXNativeTarget "WIPTests" */;
			buildPhases = (
				84DB395F28AE8B3D004E321F /* Sources */,
				84DB396028AE8B3D004E321F /* Frameworks */,
				84DB396128AE8B3D004E321F /* Resources */,
			);
			buildRules = (
			);
			dependencies = (
				84DB396528AE8B3D004E321F /* PBXTargetDependency */,
			);
			name = WIPTests;
			productName = WIPTests;
			productReference = 84DB396328AE8B3D004E321F /* WIPTests.xctest */;
			productType = "com.apple.product-type.bundle.unit-test";
		};
		84DB396C28AE8B3D004E321F /* WIPUITests */ = {
			isa = PBXNativeTarget;
			buildConfigurationList = 84DB397D28AE8B3E004E321F /* Build configuration list for PBXNativeTarget "WIPUITests" */;
			buildPhases = (
				84DB396928AE8B3D004E321F /* Sources */,
				84DB396A28AE8B3D004E321F /* Frameworks */,
				84DB396B28AE8B3D004E321F /* Resources */,
			);
			buildRules = (
			);
			dependencies = (
				84DB396F28AE8B3D004E321F /* PBXTargetDependency */,
			);
			name = WIPUITests;
			productName = WIPUITests;
			productReference = 84DB396D28AE8B3D004E321F /* WIPUITests.xctest */;
			productType = "com.apple.product-type.bundle.ui-testing";
		};
/* End PBXNativeTarget section */

/* Begin PBXProject section */
		84DB394B28AE8B36004E321F /* Project object */ = {
			isa = PBXProject;
			attributes = {
				BuildIndependentTargetsInParallel = 1;
				LastSwiftUpdateCheck = 1300;
				LastUpgradeCheck = 1300;
				TargetAttributes = {
					84DB395228AE8B36004E321F = {
						CreatedOnToolsVersion = 13.0;
					};
					84DB396228AE8B3D004E321F = {
						CreatedOnToolsVersion = 13.0;
						TestTargetID = 84DB395228AE8B36004E321F;
					};
					84DB396C28AE8B3D004E321F = {
						CreatedOnToolsVersion = 13.0;
						TestTargetID = 84DB395228AE8B36004E321F;
					};
				};
			};
			buildConfigurationList = 84DB394E28AE8B36004E321F /* Build configuration list for PBXProject "WIP" */;
			compatibilityVersion = "Xcode 13.0";
			developmentRegion = en;
			hasScannedForEncodings = 0;
			knownRegions = (
				en,
				Base,
			);
			mainGroup = 84DB394A28AE8B36004E321F;
			productRefGroup = 84DB395428AE8B37004E321F /* Products */;
			projectDirPath = "";
			projectRoot = "";
			targets = (
				84DB395228AE8B36004E321F /* WIP */,
				84DB396228AE8B3D004E321F /* WIPTests */,
				84DB396C28AE8B3D004E321F /* WIPUITests */,
			);
		};
/* End PBXProject section */

/* Begin PBXResourcesBuildPhase section */
		84DB395128AE8B36004E321F /* Resources */ = {
			isa = PBXResourcesBuildPhase;
			buildActionMask = 2147483647;
			files = (
				84C8C6D728FD9F6F00F1B6F0 /* occurenceData.json in Resources */,
				84FA11E828C78C09007648EE /* hikeData.json in Resources */,
				84DB395E28AE8B3D004E321F /* Preview Assets.xcassets in Resources */,
				84B21E4D28BD05230046A31E /* landmarkData.json in Resources */,
				84DB395B28AE8B3D004E321F /* Assets.xcassets in Resources */,
			);
			runOnlyForDeploymentPostprocessing = 0;
		};
		84DB396128AE8B3D004E321F /* Resources */ = {
			isa = PBXResourcesBuildPhase;
			buildActionMask = 2147483647;
			files = (
			);
			runOnlyForDeploymentPostprocessing = 0;
		};
		84DB396B28AE8B3D004E321F /* Resources */ = {
			isa = PBXResourcesBuildPhase;
			buildActionMask = 2147483647;
			files = (
			);
			runOnlyForDeploymentPostprocessing = 0;
		};
/* End PBXResourcesBuildPhase section */

/* Begin PBXSourcesBuildPhase section */
		84DB394F28AE8B36004E321F /* Sources */ = {
			isa = PBXSourcesBuildPhase;
			buildActionMask = 2147483647;
			files = (
				84169CC228C8DE1E0087B499 /* CategoryRow.swift in Sources */,
				84C8C6D528FD9F5A00F1B6F0 /* Occurence.swift in Sources */,
				8468A07B28C8E6D0004D1A56 /* Profile.swift in Sources */,
				84DB395928AE8B37004E321F /* ContentView.swift in Sources */,
				846416A228C793E90024F3E7 /* CategoryHome.swift in Sources */,
				84FE964C28C24ACB00C2F118 /* Badge.swift in Sources */,
				84B38D2A28B66EB50052671A /* MapView.swift in Sources */,
				84200D9029074B2A005BEB6E /* SFSafariViewWrapper.swift in Sources */,
				84DB395728AE8B37004E321F /* WIPApp.swift in Sources */,
				8464169528C78E350024F3E7 /* HikeGraph.swift in Sources */,
				84BA3EF928BFA7AC003E59CF /* FavoriteButton.swift in Sources */,
				8419C00728D4BC4900696DDF /* PageControl.swift in Sources */,
				849BE41D28BFAEBC00229189 /* HexagonParameters.swift in Sources */,
				84169CC628C8DF830087B499 /* CategoryItem.swift in Sources */,
				84FA11EA28C78C25007648EE /* Hike.swift in Sources */,
				847ADFBF2906D9EF005426FD /* RandomHome.swift in Sources */,
				8468A08028C8E813004D1A56 /* ProfileSummary.swift in Sources */,
				84FE964A28C24A5C00C2F118 /* RotatedBadgeSymbol.swift in Sources */,
				8468A07E28C8E7D9004D1A56 /* ProfileHost.swift in Sources */,
				8464169328C78E350024F3E7 /* HikeDetail.swift in Sources */,
				844A018028FEEDA70056F06F /* ImagePicker.swift in Sources */,
				84FE964828C2482E00C2F118 /* BadgeSymbol.swift in Sources */,
				841B813528D0CED900580569 /* PageView.swift in Sources */,
				84B21E5528BD08D90046A31E /* LandmarkList.swift in Sources */,
				84C8728F28CB9A190051C3D3 /* ProfileEditor.swift in Sources */,
				84B732DE28BE52FD009F5A40 /* LandmarkDetail.swift in Sources */,
				849BE41F28BFAFF800229189 /* BadgeBackground.swift in Sources */,
				84DB39ED28B51DC5004E321F /* CircleImage.swift in Sources */,
				84AE125928CF7CF300D6D061 /* PageViewController.swift in Sources */,
				8464169B28C78EA20024F3E7 /* HikeView.swift in Sources */,
				8468A08228C8E939004D1A56 /* HikeBadge.swift in Sources */,
				8464169428C78E350024F3E7 /* GraphCapsule.swift in Sources */,
				84B21E4628BD02540046A31E /* Landmark.swift in Sources */,
				84B21E5328BD063E0046A31E /* LandmarkRow.swift in Sources */,
				84B21E4828BD03BC0046A31E /* ModelData.swift in Sources */,
				847ADFBD2906D56F005426FD /* BadnessHome.swift in Sources */,
			);
			runOnlyForDeploymentPostprocessing = 0;
		};
		84DB395F28AE8B3D004E321F /* Sources */ = {
			isa = PBXSourcesBuildPhase;
			buildActionMask = 2147483647;
			files = (
				84DB396828AE8B3D004E321F /* WIPTests.swift in Sources */,
			);
			runOnlyForDeploymentPostprocessing = 0;
		};
		84DB396928AE8B3D004E321F /* Sources */ = {
			isa = PBXSourcesBuildPhase;
			buildActionMask = 2147483647;
			files = (
				84DB397228AE8B3D004E321F /* WIPUITests.swift in Sources */,
				84DB397428AE8B3D004E321F /* WIPUITestsLaunchTests.swift in Sources */,
			);
			runOnlyForDeploymentPostprocessing = 0;
		};
/* End PBXSourcesBuildPhase section */

/* Begin PBXTargetDependency section */
		84DB396528AE8B3D004E321F /* PBXTargetDependency */ = {
			isa = PBXTargetDependency;
			target = 84DB395228AE8B36004E321F /* WIP */;
			targetProxy = 84DB396428AE8B3D004E321F /* PBXContainerItemProxy */;
		};
		84DB396F28AE8B3D004E321F /* PBXTargetDependency */ = {
			isa = PBXTargetDependency;
			target = 84DB395228AE8B36004E321F /* WIP */;
			targetProxy = 84DB396E28AE8B3D004E321F /* PBXContainerItemProxy */;
		};
/* End PBXTargetDependency section */

/* Begin XCBuildConfiguration section */
		84DB397528AE8B3E004E321F /* Debug */ = {
			isa = XCBuildConfiguration;
			buildSettings = {
				ALWAYS_SEARCH_USER_PATHS = NO;
				CLANG_ANALYZER_NONNULL = YES;
				CLANG_ANALYZER_NUMBER_OBJECT_CONVERSION = YES_AGGRESSIVE;
				CLANG_CXX_LANGUAGE_STANDARD = "gnu++17";
				CLANG_CXX_LIBRARY = "libc++";
				CLANG_ENABLE_MODULES = YES;
				CLANG_ENABLE_OBJC_ARC = YES;
				CLANG_ENABLE_OBJC_WEAK = YES;
				CLANG_WARN_BLOCK_CAPTURE_AUTORELEASING = YES;
				CLANG_WARN_BOOL_CONVERSION = YES;
				CLANG_WARN_COMMA = YES;
				CLANG_WARN_CONSTANT_CONVERSION = YES;
				CLANG_WARN_DEPRECATED_OBJC_IMPLEMENTATIONS = YES;
				CLANG_WARN_DIRECT_OBJC_ISA_USAGE = YES_ERROR;
				CLANG_WARN_DOCUMENTATION_COMMENTS = YES;
				CLANG_WARN_EMPTY_BODY = YES;
				CLANG_WARN_ENUM_CONVERSION = YES;
				CLANG_WARN_INFINITE_RECURSION = YES;
				CLANG_WARN_INT_CONVERSION = YES;
				CLANG_WARN_NON_LITERAL_NULL_CONVERSION = YES;
				CLANG_WARN_OBJC_IMPLICIT_RETAIN_SELF = YES;
				CLANG_WARN_OBJC_LITERAL_CONVERSION = YES;
				CLANG_WARN_OBJC_ROOT_CLASS = YES_ERROR;
				CLANG_WARN_QUOTED_INCLUDE_IN_FRAMEWORK_HEADER = YES;
				CLANG_WARN_RANGE_LOOP_ANALYSIS = YES;
				CLANG_WARN_STRICT_PROTOTYPES = YES;
				CLANG_WARN_SUSPICIOUS_MOVE = YES;
				CLANG_WARN_UNGUARDED_AVAILABILITY = YES_AGGRESSIVE;
				CLANG_WARN_UNREACHABLE_CODE = YES;
				CLANG_WARN__DUPLICATE_METHOD_MATCH = YES;
				COPY_PHASE_STRIP = NO;
				DEBUG_INFORMATION_FORMAT = dwarf;
				ENABLE_STRICT_OBJC_MSGSEND = YES;
				ENABLE_TESTABILITY = YES;
				GCC_C_LANGUAGE_STANDARD = gnu11;
				GCC_DYNAMIC_NO_PIC = NO;
				GCC_NO_COMMON_BLOCKS = YES;
				GCC_OPTIMIZATION_LEVEL = 0;
				GCC_PREPROCESSOR_DEFINITIONS = (
					"DEBUG=1",
					"$(inherited)",
				);
				GCC_WARN_64_TO_32_BIT_CONVERSION = YES;
				GCC_WARN_ABOUT_RETURN_TYPE = YES_ERROR;
				GCC_WARN_UNDECLARED_SELECTOR = YES;
				GCC_WARN_UNINITIALIZED_AUTOS = YES_AGGRESSIVE;
				GCC_WARN_UNUSED_FUNCTION = YES;
				GCC_WARN_UNUSED_VARIABLE = YES;
				IPHONEOS_DEPLOYMENT_TARGET = 15.0;
				MTL_ENABLE_DEBUG_INFO = INCLUDE_SOURCE;
				MTL_FAST_MATH = YES;
				ONLY_ACTIVE_ARCH = YES;
				SDKROOT = iphoneos;
				SWIFT_ACTIVE_COMPILATION_CONDITIONS = DEBUG;
				SWIFT_OPTIMIZATION_LEVEL = "-Onone";
			};
			name = Debug;
		};
		84DB397628AE8B3E004E321F /* Release */ = {
			isa = XCBuildConfiguration;
			buildSettings = {
				ALWAYS_SEARCH_USER_PATHS = NO;
				CLANG_ANALYZER_NONNULL = YES;
				CLANG_ANALYZER_NUMBER_OBJECT_CONVERSION = YES_AGGRESSIVE;
				CLANG_CXX_LANGUAGE_STANDARD = "gnu++17";
				CLANG_CXX_LIBRARY = "libc++";
				CLANG_ENABLE_MODULES = YES;
				CLANG_ENABLE_OBJC_ARC = YES;
				CLANG_ENABLE_OBJC_WEAK = YES;
				CLANG_WARN_BLOCK_CAPTURE_AUTORELEASING = YES;
				CLANG_WARN_BOOL_CONVERSION = YES;
				CLANG_WARN_COMMA = YES;
				CLANG_WARN_CONSTANT_CONVERSION = YES;
				CLANG_WARN_DEPRECATED_OBJC_IMPLEMENTATIONS = YES;
				CLANG_WARN_DIRECT_OBJC_ISA_USAGE = YES_ERROR;
				CLANG_WARN_DOCUMENTATION_COMMENTS = YES;
				CLANG_WARN_EMPTY_BODY = YES;
				CLANG_WARN_ENUM_CONVERSION = YES;
				CLANG_WARN_INFINITE_RECURSION = YES;
				CLANG_WARN_INT_CONVERSION = YES;
				CLANG_WARN_NON_LITERAL_NULL_CONVERSION = YES;
				CLANG_WARN_OBJC_IMPLICIT_RETAIN_SELF = YES;
				CLANG_WARN_OBJC_LITERAL_CONVERSION = YES;
				CLANG_WARN_OBJC_ROOT_CLASS = YES_ERROR;
				CLANG_WARN_QUOTED_INCLUDE_IN_FRAMEWORK_HEADER = YES;
				CLANG_WARN_RANGE_LOOP_ANALYSIS = YES;
				CLANG_WARN_STRICT_PROTOTYPES = YES;
				CLANG_WARN_SUSPICIOUS_MOVE = YES;
				CLANG_WARN_UNGUARDED_AVAILABILITY = YES_AGGRESSIVE;
				CLANG_WARN_UNREACHABLE_CODE = YES;
				CLANG_WARN__DUPLICATE_METHOD_MATCH = YES;
				COPY_PHASE_STRIP = NO;
				DEBUG_INFORMATION_FORMAT = "dwarf-with-dsym";
				ENABLE_NS_ASSERTIONS = NO;
				ENABLE_STRICT_OBJC_MSGSEND = YES;
				GCC_C_LANGUAGE_STANDARD = gnu11;
				GCC_NO_COMMON_BLOCKS = YES;
				GCC_WARN_64_TO_32_BIT_CONVERSION = YES;
				GCC_WARN_ABOUT_RETURN_TYPE = YES_ERROR;
				GCC_WARN_UNDECLARED_SELECTOR = YES;
				GCC_WARN_UNINITIALIZED_AUTOS = YES_AGGRESSIVE;
				GCC_WARN_UNUSED_FUNCTION = YES;
				GCC_WARN_UNUSED_VARIABLE = YES;
				IPHONEOS_DEPLOYMENT_TARGET = 15.0;
				MTL_ENABLE_DEBUG_INFO = NO;
				MTL_FAST_MATH = YES;
				SDKROOT = iphoneos;
				SWIFT_COMPILATION_MODE = wholemodule;
				SWIFT_OPTIMIZATION_LEVEL = "-O";
				VALIDATE_PRODUCT = YES;
			};
			name = Release;
		};
		84DB397828AE8B3E004E321F /* Debug */ = {
			isa = XCBuildConfiguration;
			buildSettings = {
				ASSETCATALOG_COMPILER_APPICON_NAME = AppIcon;
				ASSETCATALOG_COMPILER_GLOBAL_ACCENT_COLOR_NAME = AccentColor;
				CODE_SIGN_STYLE = Automatic;
				CURRENT_PROJECT_VERSION = 1;
				DEVELOPMENT_ASSET_PATHS = "\"WIP/Preview Content\"";
				DEVELOPMENT_TEAM = ZF4K85C546;
				ENABLE_PREVIEWS = YES;
				GENERATE_INFOPLIST_FILE = YES;
				INFOPLIST_KEY_UIApplicationSceneManifest_Generation = YES;
				INFOPLIST_KEY_UIApplicationSupportsIndirectInputEvents = YES;
				INFOPLIST_KEY_UILaunchScreen_Generation = YES;
				INFOPLIST_KEY_UISupportedInterfaceOrientations_iPad = "UIInterfaceOrientationPortrait UIInterfaceOrientationPortraitUpsideDown UIInterfaceOrientationLandscapeLeft UIInterfaceOrientationLandscapeRight";
				INFOPLIST_KEY_UISupportedInterfaceOrientations_iPhone = "UIInterfaceOrientationPortrait UIInterfaceOrientationLandscapeLeft UIInterfaceOrientationLandscapeRight";
				IPHONEOS_DEPLOYMENT_TARGET = 15.0;
				LD_RUNPATH_SEARCH_PATHS = (
					"$(inherited)",
					"@executable_path/Frameworks",
				);
				MARKETING_VERSION = 1.0;
				PRODUCT_BUNDLE_IDENTIFIER = com.koefeldakeim.WIP;
				PRODUCT_NAME = "$(TARGET_NAME)";
				SWIFT_EMIT_LOC_STRINGS = YES;
				SWIFT_VERSION = 5.0;
				TARGETED_DEVICE_FAMILY = "1,2";
			};
			name = Debug;
		};
		84DB397928AE8B3E004E321F /* Release */ = {
			isa = XCBuildConfiguration;
			buildSettings = {
				ASSETCATALOG_COMPILER_APPICON_NAME = AppIcon;
				ASSETCATALOG_COMPILER_GLOBAL_ACCENT_COLOR_NAME = AccentColor;
				CODE_SIGN_STYLE = Automatic;
				CURRENT_PROJECT_VERSION = 1;
				DEVELOPMENT_ASSET_PATHS = "\"WIP/Preview Content\"";
				DEVELOPMENT_TEAM = ZF4K85C546;
				ENABLE_PREVIEWS = YES;
				GENERATE_INFOPLIST_FILE = YES;
				INFOPLIST_KEY_UIApplicationSceneManifest_Generation = YES;
				INFOPLIST_KEY_UIApplicationSupportsIndirectInputEvents = YES;
				INFOPLIST_KEY_UILaunchScreen_Generation = YES;
				INFOPLIST_KEY_UISupportedInterfaceOrientations_iPad = "UIInterfaceOrientationPortrait UIInterfaceOrientationPortraitUpsideDown UIInterfaceOrientationLandscapeLeft UIInterfaceOrientationLandscapeRight";
				INFOPLIST_KEY_UISupportedInterfaceOrientations_iPhone = "UIInterfaceOrientationPortrait UIInterfaceOrientationLandscapeLeft UIInterfaceOrientationLandscapeRight";
				IPHONEOS_DEPLOYMENT_TARGET = 15.0;
				LD_RUNPATH_SEARCH_PATHS = (
					"$(inherited)",
					"@executable_path/Frameworks",
				);
				MARKETING_VERSION = 1.0;
				PRODUCT_BUNDLE_IDENTIFIER = com.koefeldakeim.WIP;
				PRODUCT_NAME = "$(TARGET_NAME)";
				SWIFT_EMIT_LOC_STRINGS = YES;
				SWIFT_VERSION = 5.0;
				TARGETED_DEVICE_FAMILY = "1,2";
			};
			name = Release;
		};
		84DB397B28AE8B3E004E321F /* Debug */ = {
			isa = XCBuildConfiguration;
			buildSettings = {
				ALWAYS_EMBED_SWIFT_STANDARD_LIBRARIES = YES;
				BUNDLE_LOADER = "$(TEST_HOST)";
				CODE_SIGN_STYLE = Automatic;
				CURRENT_PROJECT_VERSION = 1;
				DEVELOPMENT_TEAM = ZF4K85C546;
				GENERATE_INFOPLIST_FILE = YES;
				IPHONEOS_DEPLOYMENT_TARGET = 14.0;
				LD_RUNPATH_SEARCH_PATHS = (
					"$(inherited)",
					"@executable_path/Frameworks",
					"@loader_path/Frameworks",
				);
				MARKETING_VERSION = 1.0;
				PRODUCT_BUNDLE_IDENTIFIER = com.koefeldakeim.WIPTests;
				PRODUCT_NAME = "$(TARGET_NAME)";
				SWIFT_EMIT_LOC_STRINGS = NO;
				SWIFT_VERSION = 5.0;
				TARGETED_DEVICE_FAMILY = "1,2";
				TEST_HOST = "$(BUILT_PRODUCTS_DIR)/WIP.app/WIP";
			};
			name = Debug;
		};
		84DB397C28AE8B3E004E321F /* Release */ = {
			isa = XCBuildConfiguration;
			buildSettings = {
				ALWAYS_EMBED_SWIFT_STANDARD_LIBRARIES = YES;
				BUNDLE_LOADER = "$(TEST_HOST)";
				CODE_SIGN_STYLE = Automatic;
				CURRENT_PROJECT_VERSION = 1;
				DEVELOPMENT_TEAM = ZF4K85C546;
				GENERATE_INFOPLIST_FILE = YES;
				IPHONEOS_DEPLOYMENT_TARGET = 14.0;
				LD_RUNPATH_SEARCH_PATHS = (
					"$(inherited)",
					"@executable_path/Frameworks",
					"@loader_path/Frameworks",
				);
				MARKETING_VERSION = 1.0;
				PRODUCT_BUNDLE_IDENTIFIER = com.koefeldakeim.WIPTests;
				PRODUCT_NAME = "$(TARGET_NAME)";
				SWIFT_EMIT_LOC_STRINGS = NO;
				SWIFT_VERSION = 5.0;
				TARGETED_DEVICE_FAMILY = "1,2";
				TEST_HOST = "$(BUILT_PRODUCTS_DIR)/WIP.app/WIP";
			};
			name = Release;
		};
		84DB397E28AE8B3E004E321F /* Debug */ = {
			isa = XCBuildConfiguration;
			buildSettings = {
				ALWAYS_EMBED_SWIFT_STANDARD_LIBRARIES = YES;
				CODE_SIGN_STYLE = Automatic;
				CURRENT_PROJECT_VERSION = 1;
				DEVELOPMENT_TEAM = ZF4K85C546;
				GENERATE_INFOPLIST_FILE = YES;
				LD_RUNPATH_SEARCH_PATHS = (
					"$(inherited)",
					"@executable_path/Frameworks",
					"@loader_path/Frameworks",
				);
				MARKETING_VERSION = 1.0;
				PRODUCT_BUNDLE_IDENTIFIER = com.koefeldakeim.WIPUITests;
				PRODUCT_NAME = "$(TARGET_NAME)";
				SWIFT_EMIT_LOC_STRINGS = NO;
				SWIFT_VERSION = 5.0;
				TARGETED_DEVICE_FAMILY = "1,2";
				TEST_TARGET_NAME = WIP;
			};
			name = Debug;
		};
		84DB397F28AE8B3E004E321F /* Release */ = {
			isa = XCBuildConfiguration;
			buildSettings = {
				ALWAYS_EMBED_SWIFT_STANDARD_LIBRARIES = YES;
				CODE_SIGN_STYLE = Automatic;
				CURRENT_PROJECT_VERSION = 1;
				DEVELOPMENT_TEAM = ZF4K85C546;
				GENERATE_INFOPLIST_FILE = YES;
				LD_RUNPATH_SEARCH_PATHS = (
					"$(inherited)",
					"@executable_path/Frameworks",
					"@loader_path/Frameworks",
				);
				MARKETING_VERSION = 1.0;
				PRODUCT_BUNDLE_IDENTIFIER = com.koefeldakeim.WIPUITests;
				PRODUCT_NAME = "$(TARGET_NAME)";
				SWIFT_EMIT_LOC_STRINGS = NO;
				SWIFT_VERSION = 5.0;
				TARGETED_DEVICE_FAMILY = "1,2";
				TEST_TARGET_NAME = WIP;
			};
			name = Release;
		};
/* End XCBuildConfiguration section */

/* Begin XCConfigurationList section */
		84DB394E28AE8B36004E321F /* Build configuration list for PBXProject "WIP" */ = {
			isa = XCConfigurationList;
			buildConfigurations = (
				84DB397528AE8B3E004E321F /* Debug */,
				84DB397628AE8B3E004E321F /* Release */,
			);
			defaultConfigurationIsVisible = 0;
			defaultConfigurationName = Release;
		};
		84DB397728AE8B3E004E321F /* Build configuration list for PBXNativeTarget "WIP" */ = {
			isa = XCConfigurationList;
			buildConfigurations = (
				84DB397828AE8B3E004E321F /* Debug */,
				84DB397928AE8B3E004E321F /* Release */,
			);
			defaultConfigurationIsVisible = 0;
			defaultConfigurationName = Release;
		};
		84DB397A28AE8B3E004E321F /* Build configuration list for PBXNativeTarget "WIPTests" */ = {
			isa = XCConfigurationList;
			buildConfigurations = (
				84DB397B28AE8B3E004E321F /* Debug */,
				84DB397C28AE8B3E004E321F /* Release */,
			);
			defaultConfigurationIsVisible = 0;
			defaultConfigurationName = Release;
		};
		84DB397D28AE8B3E004E321F /* Build configuration list for PBXNativeTarget "WIPUITests" */ = {
			isa = XCConfigurationList;
			buildConfigurations = (
				84DB397E28AE8B3E004E321F /* Debug */,
				84DB397F28AE8B3E004E321F /* Release */,
			);
			defaultConfigurationIsVisible = 0;
			defaultConfigurationName = Release;
		};
/* End XCConfigurationList section */
	};
	rootObject = 84DB394B28AE8B36004E321F /* Project object */;
}
